// !$*UTF8*$!
{
	archiveVersion = 1;
	classes = {
	};
	objectVersion = 46;
	objects = {

/* Begin PBXBuildFile section */
		5A2F42898B43C6103BAFEC38 /* libPods.a in Frameworks */ = {isa = PBXBuildFile; fileRef = AB7AB2C179E346E382D3E093 /* libPods.a */; };
		89ACFE8F1A2766280000B7A7 /* UserInfo.m in Sources */ = {isa = PBXBuildFile; fileRef = 89ACFE8E1A2766280000B7A7 /* UserInfo.m */; };
		89B2A0251A28914900861042 /* CoreDataModel.xcdatamodeld in Sources */ = {isa = PBXBuildFile; fileRef = 89B2A0231A28914900861042 /* CoreDataModel.xcdatamodeld */; };
		89B2A0291A28A1F100861042 /* WebSocketSingleton.m in Sources */ = {isa = PBXBuildFile; fileRef = 89B2A0281A28A1F100861042 /* WebSocketSingleton.m */; };
		89B2A02C1A28A21400861042 /* WebSocket.m in Sources */ = {isa = PBXBuildFile; fileRef = 89B2A02B1A28A21400861042 /* WebSocket.m */; };
		89B2A0311A28AA9200861042 /* UserInfoDAO.m in Sources */ = {isa = PBXBuildFile; fileRef = 89B2A0301A28AA9200861042 /* UserInfoDAO.m */; };
		89EFA20A1A261434008AAF2C /* Foundation.framework in Frameworks */ = {isa = PBXBuildFile; fileRef = 89EFA2091A261434008AAF2C /* Foundation.framework */; };
		89EFA20C1A261434008AAF2C /* CoreGraphics.framework in Frameworks */ = {isa = PBXBuildFile; fileRef = 89EFA20B1A261434008AAF2C /* CoreGraphics.framework */; };
		89EFA20E1A261434008AAF2C /* UIKit.framework in Frameworks */ = {isa = PBXBuildFile; fileRef = 89EFA20D1A261434008AAF2C /* UIKit.framework */; };
		89EFA2141A261434008AAF2C /* InfoPlist.strings in Resources */ = {isa = PBXBuildFile; fileRef = 89EFA2121A261434008AAF2C /* InfoPlist.strings */; };
		89EFA2161A261434008AAF2C /* main.m in Sources */ = {isa = PBXBuildFile; fileRef = 89EFA2151A261434008AAF2C /* main.m */; };
		89EFA21A1A261434008AAF2C /* AppDelegate.m in Sources */ = {isa = PBXBuildFile; fileRef = 89EFA2191A261434008AAF2C /* AppDelegate.m */; };
		89EFA21D1A261434008AAF2C /* Main.storyboard in Resources */ = {isa = PBXBuildFile; fileRef = 89EFA21B1A261434008AAF2C /* Main.storyboard */; };
		89EFA2201A261434008AAF2C /* ViewController.m in Sources */ = {isa = PBXBuildFile; fileRef = 89EFA21F1A261434008AAF2C /* ViewController.m */; };
		89EFA2221A261434008AAF2C /* Images.xcassets in Resources */ = {isa = PBXBuildFile; fileRef = 89EFA2211A261434008AAF2C /* Images.xcassets */; };
		89EFA2291A261434008AAF2C /* XCTest.framework in Frameworks */ = {isa = PBXBuildFile; fileRef = 89EFA2281A261434008AAF2C /* XCTest.framework */; };
		89EFA22A1A261434008AAF2C /* Foundation.framework in Frameworks */ = {isa = PBXBuildFile; fileRef = 89EFA2091A261434008AAF2C /* Foundation.framework */; };
		89EFA22B1A261434008AAF2C /* UIKit.framework in Frameworks */ = {isa = PBXBuildFile; fileRef = 89EFA20D1A261434008AAF2C /* UIKit.framework */; };
		89EFA2331A261434008AAF2C /* InfoPlist.strings in Resources */ = {isa = PBXBuildFile; fileRef = 89EFA2311A261434008AAF2C /* InfoPlist.strings */; };
		89EFA2351A261434008AAF2C /* FindMeAppTests.m in Sources */ = {isa = PBXBuildFile; fileRef = 89EFA2341A261434008AAF2C /* FindMeAppTests.m */; };
		A03081BE1A275FAD00CC30AE /* GoogleMaps.framework in Frameworks */ = {isa = PBXBuildFile; fileRef = A03081BD1A275FAD00CC30AE /* GoogleMaps.framework */; };
		A03081C01A275FBB00CC30AE /* GoogleMaps.bundle in Resources */ = {isa = PBXBuildFile; fileRef = A03081BF1A275FBB00CC30AE /* GoogleMaps.bundle */; };
		A03081C31A27604700CC30AE /* ViewControllerSocket.m in Sources */ = {isa = PBXBuildFile; fileRef = A03081C21A27604700CC30AE /* ViewControllerSocket.m */; };
		A07370481A274B7F001B3D6B /* AVFoundation.framework in Frameworks */ = {isa = PBXBuildFile; fileRef = A07370471A274B7F001B3D6B /* AVFoundation.framework */; };
		A073704A1A274BA1001B3D6B /* CoreData.framework in Frameworks */ = {isa = PBXBuildFile; fileRef = A07370491A274BA1001B3D6B /* CoreData.framework */; };
		A073704C1A274BAE001B3D6B /* CoreLocation.framework in Frameworks */ = {isa = PBXBuildFile; fileRef = A073704B1A274BAE001B3D6B /* CoreLocation.framework */; };
		A073704E1A274BBA001B3D6B /* CoreText.framework in Frameworks */ = {isa = PBXBuildFile; fileRef = A073704D1A274BBA001B3D6B /* CoreText.framework */; };
		A07370501A274BC8001B3D6B /* GLKit.framework in Frameworks */ = {isa = PBXBuildFile; fileRef = A073704F1A274BC8001B3D6B /* GLKit.framework */; };
		A07370521A274BD7001B3D6B /* ImageIO.framework in Frameworks */ = {isa = PBXBuildFile; fileRef = A07370511A274BD7001B3D6B /* ImageIO.framework */; };
		A07370541A274BED001B3D6B /* libc++.dylib in Frameworks */ = {isa = PBXBuildFile; fileRef = A07370531A274BED001B3D6B /* libc++.dylib */; };
		A07370561A274C04001B3D6B /* libicucore.dylib in Frameworks */ = {isa = PBXBuildFile; fileRef = A07370551A274C04001B3D6B /* libicucore.dylib */; };
		A07370581A274C14001B3D6B /* libz.dylib in Frameworks */ = {isa = PBXBuildFile; fileRef = A07370571A274C14001B3D6B /* libz.dylib */; };
		A073705A1A274C21001B3D6B /* OpenGLES.framework in Frameworks */ = {isa = PBXBuildFile; fileRef = A07370591A274C21001B3D6B /* OpenGLES.framework */; };
		A073705C1A274C2F001B3D6B /* QuartzCore.framework in Frameworks */ = {isa = PBXBuildFile; fileRef = A073705B1A274C2F001B3D6B /* QuartzCore.framework */; };
		A073705E1A274C3C001B3D6B /* SystemConfiguration.framework in Frameworks */ = {isa = PBXBuildFile; fileRef = A073705D1A274C3C001B3D6B /* SystemConfiguration.framework */; };
/* End PBXBuildFile section */

/* Begin PBXContainerItemProxy section */
		89EFA22C1A261434008AAF2C /* PBXContainerItemProxy */ = {
			isa = PBXContainerItemProxy;
			containerPortal = 89EFA1FE1A261434008AAF2C /* Project object */;
			proxyType = 1;
			remoteGlobalIDString = 89EFA2051A261434008AAF2C;
			remoteInfo = FindMeApp;
		};
/* End PBXContainerItemProxy section */

/* Begin PBXFileReference section */
		89ACFE8D1A2766280000B7A7 /* UserInfo.h */ = {isa = PBXFileReference; fileEncoding = 4; lastKnownFileType = sourcecode.c.h; path = UserInfo.h; sourceTree = "<group>"; };
		89ACFE8E1A2766280000B7A7 /* UserInfo.m */ = {isa = PBXFileReference; fileEncoding = 4; lastKnownFileType = sourcecode.c.objc; path = UserInfo.m; sourceTree = "<group>"; };
		89B2A0241A28914900861042 /* CoreDataModel.xcdatamodel */ = {isa = PBXFileReference; lastKnownFileType = wrapper.xcdatamodel; path = CoreDataModel.xcdatamodel; sourceTree = "<group>"; };
		89B2A0271A28A1F100861042 /* WebSocketSingleton.h */ = {isa = PBXFileReference; fileEncoding = 4; lastKnownFileType = sourcecode.c.h; path = WebSocketSingleton.h; sourceTree = "<group>"; };
		89B2A0281A28A1F100861042 /* WebSocketSingleton.m */ = {isa = PBXFileReference; fileEncoding = 4; lastKnownFileType = sourcecode.c.objc; path = WebSocketSingleton.m; sourceTree = "<group>"; };
		89B2A02A1A28A21400861042 /* WebSocket.h */ = {isa = PBXFileReference; fileEncoding = 4; lastKnownFileType = sourcecode.c.h; path = WebSocket.h; sourceTree = "<group>"; };
		89B2A02B1A28A21400861042 /* WebSocket.m */ = {isa = PBXFileReference; fileEncoding = 4; lastKnownFileType = sourcecode.c.objc; path = WebSocket.m; sourceTree = "<group>"; };
		89B2A02F1A28AA9200861042 /* UserInfoDAO.h */ = {isa = PBXFileReference; fileEncoding = 4; lastKnownFileType = sourcecode.c.h; path = UserInfoDAO.h; sourceTree = "<group>"; };
		89B2A0301A28AA9200861042 /* UserInfoDAO.m */ = {isa = PBXFileReference; fileEncoding = 4; lastKnownFileType = sourcecode.c.objc; path = UserInfoDAO.m; sourceTree = "<group>"; };
		89EFA2061A261434008AAF2C /* FindMeApp.app */ = {isa = PBXFileReference; explicitFileType = wrapper.application; includeInIndex = 0; path = FindMeApp.app; sourceTree = BUILT_PRODUCTS_DIR; };
		89EFA2091A261434008AAF2C /* Foundation.framework */ = {isa = PBXFileReference; lastKnownFileType = wrapper.framework; name = Foundation.framework; path = System/Library/Frameworks/Foundation.framework; sourceTree = SDKROOT; };
		89EFA20B1A261434008AAF2C /* CoreGraphics.framework */ = {isa = PBXFileReference; lastKnownFileType = wrapper.framework; name = CoreGraphics.framework; path = System/Library/Frameworks/CoreGraphics.framework; sourceTree = SDKROOT; };
		89EFA20D1A261434008AAF2C /* UIKit.framework */ = {isa = PBXFileReference; lastKnownFileType = wrapper.framework; name = UIKit.framework; path = System/Library/Frameworks/UIKit.framework; sourceTree = SDKROOT; };
		89EFA2111A261434008AAF2C /* FindMeApp-Info.plist */ = {isa = PBXFileReference; lastKnownFileType = text.plist.xml; path = "FindMeApp-Info.plist"; sourceTree = "<group>"; };
		89EFA2131A261434008AAF2C /* en */ = {isa = PBXFileReference; lastKnownFileType = text.plist.strings; name = en; path = en.lproj/InfoPlist.strings; sourceTree = "<group>"; };
		89EFA2151A261434008AAF2C /* main.m */ = {isa = PBXFileReference; lastKnownFileType = sourcecode.c.objc; path = main.m; sourceTree = "<group>"; };
		89EFA2171A261434008AAF2C /* FindMeApp-Prefix.pch */ = {isa = PBXFileReference; lastKnownFileType = sourcecode.c.h; path = "FindMeApp-Prefix.pch"; sourceTree = "<group>"; };
		89EFA2181A261434008AAF2C /* AppDelegate.h */ = {isa = PBXFileReference; lastKnownFileType = sourcecode.c.h; path = AppDelegate.h; sourceTree = "<group>"; };
		89EFA2191A261434008AAF2C /* AppDelegate.m */ = {isa = PBXFileReference; lastKnownFileType = sourcecode.c.objc; path = AppDelegate.m; sourceTree = "<group>"; };
		89EFA21C1A261434008AAF2C /* Base */ = {isa = PBXFileReference; lastKnownFileType = file.storyboard; name = Base; path = Base.lproj/Main.storyboard; sourceTree = "<group>"; };
		89EFA21E1A261434008AAF2C /* ViewController.h */ = {isa = PBXFileReference; lastKnownFileType = sourcecode.c.h; path = ViewController.h; sourceTree = "<group>"; };
		89EFA21F1A261434008AAF2C /* ViewController.m */ = {isa = PBXFileReference; lastKnownFileType = sourcecode.c.objc; path = ViewController.m; sourceTree = "<group>"; };
		89EFA2211A261434008AAF2C /* Images.xcassets */ = {isa = PBXFileReference; lastKnownFileType = folder.assetcatalog; path = Images.xcassets; sourceTree = "<group>"; };
		89EFA2271A261434008AAF2C /* FindMeAppTests.xctest */ = {isa = PBXFileReference; explicitFileType = wrapper.cfbundle; includeInIndex = 0; path = FindMeAppTests.xctest; sourceTree = BUILT_PRODUCTS_DIR; };
		89EFA2281A261434008AAF2C /* XCTest.framework */ = {isa = PBXFileReference; lastKnownFileType = wrapper.framework; name = XCTest.framework; path = Library/Frameworks/XCTest.framework; sourceTree = DEVELOPER_DIR; };
		89EFA2301A261434008AAF2C /* FindMeAppTests-Info.plist */ = {isa = PBXFileReference; lastKnownFileType = text.plist.xml; path = "FindMeAppTests-Info.plist"; sourceTree = "<group>"; };
		89EFA2321A261434008AAF2C /* en */ = {isa = PBXFileReference; lastKnownFileType = text.plist.strings; name = en; path = en.lproj/InfoPlist.strings; sourceTree = "<group>"; };
		89EFA2341A261434008AAF2C /* FindMeAppTests.m */ = {isa = PBXFileReference; lastKnownFileType = sourcecode.c.objc; path = FindMeAppTests.m; sourceTree = "<group>"; };
		A03081BD1A275FAD00CC30AE /* GoogleMaps.framework */ = {isa = PBXFileReference; lastKnownFileType = wrapper.framework; path = GoogleMaps.framework; sourceTree = "<group>"; };
		A03081BF1A275FBB00CC30AE /* GoogleMaps.bundle */ = {isa = PBXFileReference; lastKnownFileType = "wrapper.plug-in"; path = GoogleMaps.bundle; sourceTree = "<group>"; };
		A03081C11A27604700CC30AE /* ViewControllerSocket.h */ = {isa = PBXFileReference; fileEncoding = 4; lastKnownFileType = sourcecode.c.h; path = ViewControllerSocket.h; sourceTree = "<group>"; };
		A03081C21A27604700CC30AE /* ViewControllerSocket.m */ = {isa = PBXFileReference; fileEncoding = 4; lastKnownFileType = sourcecode.c.objc; path = ViewControllerSocket.m; sourceTree = "<group>"; };
		A07370471A274B7F001B3D6B /* AVFoundation.framework */ = {isa = PBXFileReference; lastKnownFileType = wrapper.framework; name = AVFoundation.framework; path = System/Library/Frameworks/AVFoundation.framework; sourceTree = SDKROOT; };
		A07370491A274BA1001B3D6B /* CoreData.framework */ = {isa = PBXFileReference; lastKnownFileType = wrapper.framework; name = CoreData.framework; path = System/Library/Frameworks/CoreData.framework; sourceTree = SDKROOT; };
		A073704B1A274BAE001B3D6B /* CoreLocation.framework */ = {isa = PBXFileReference; lastKnownFileType = wrapper.framework; name = CoreLocation.framework; path = System/Library/Frameworks/CoreLocation.framework; sourceTree = SDKROOT; };
		A073704D1A274BBA001B3D6B /* CoreText.framework */ = {isa = PBXFileReference; lastKnownFileType = wrapper.framework; name = CoreText.framework; path = System/Library/Frameworks/CoreText.framework; sourceTree = SDKROOT; };
		A073704F1A274BC8001B3D6B /* GLKit.framework */ = {isa = PBXFileReference; lastKnownFileType = wrapper.framework; name = GLKit.framework; path = System/Library/Frameworks/GLKit.framework; sourceTree = SDKROOT; };
		A07370511A274BD7001B3D6B /* ImageIO.framework */ = {isa = PBXFileReference; lastKnownFileType = wrapper.framework; name = ImageIO.framework; path = System/Library/Frameworks/ImageIO.framework; sourceTree = SDKROOT; };
		A07370531A274BED001B3D6B /* libc++.dylib */ = {isa = PBXFileReference; lastKnownFileType = "compiled.mach-o.dylib"; name = "libc++.dylib"; path = "usr/lib/libc++.dylib"; sourceTree = SDKROOT; };
		A07370551A274C04001B3D6B /* libicucore.dylib */ = {isa = PBXFileReference; lastKnownFileType = "compiled.mach-o.dylib"; name = libicucore.dylib; path = usr/lib/libicucore.dylib; sourceTree = SDKROOT; };
		A07370571A274C14001B3D6B /* libz.dylib */ = {isa = PBXFileReference; lastKnownFileType = "compiled.mach-o.dylib"; name = libz.dylib; path = usr/lib/libz.dylib; sourceTree = SDKROOT; };
		A07370591A274C21001B3D6B /* OpenGLES.framework */ = {isa = PBXFileReference; lastKnownFileType = wrapper.framework; name = OpenGLES.framework; path = System/Library/Frameworks/OpenGLES.framework; sourceTree = SDKROOT; };
		A073705B1A274C2F001B3D6B /* QuartzCore.framework */ = {isa = PBXFileReference; lastKnownFileType = wrapper.framework; name = QuartzCore.framework; path = System/Library/Frameworks/QuartzCore.framework; sourceTree = SDKROOT; };
		A073705D1A274C3C001B3D6B /* SystemConfiguration.framework */ = {isa = PBXFileReference; lastKnownFileType = wrapper.framework; name = SystemConfiguration.framework; path = System/Library/Frameworks/SystemConfiguration.framework; sourceTree = SDKROOT; };
		AB7AB2C179E346E382D3E093 /* libPods.a */ = {isa = PBXFileReference; explicitFileType = archive.ar; includeInIndex = 0; path = libPods.a; sourceTree = BUILT_PRODUCTS_DIR; };
		C31642967B924B74C2066B8A /* Pods.debug.xcconfig */ = {isa = PBXFileReference; includeInIndex = 1; lastKnownFileType = text.xcconfig; name = Pods.debug.xcconfig; path = "Pods/Target Support Files/Pods/Pods.debug.xcconfig"; sourceTree = "<group>"; };
		C3630B19F2B2A4AA76FD8FC8 /* Pods.release.xcconfig */ = {isa = PBXFileReference; includeInIndex = 1; lastKnownFileType = text.xcconfig; name = Pods.release.xcconfig; path = "Pods/Target Support Files/Pods/Pods.release.xcconfig"; sourceTree = "<group>"; };
/* End PBXFileReference section */

/* Begin PBXFrameworksBuildPhase section */
		89EFA2031A261434008AAF2C /* Frameworks */ = {
			isa = PBXFrameworksBuildPhase;
			buildActionMask = 2147483647;
			files = (
				A073705E1A274C3C001B3D6B /* SystemConfiguration.framework in Frameworks */,
				A073705C1A274C2F001B3D6B /* QuartzCore.framework in Frameworks */,
				A073705A1A274C21001B3D6B /* OpenGLES.framework in Frameworks */,
				A07370581A274C14001B3D6B /* libz.dylib in Frameworks */,
				A07370561A274C04001B3D6B /* libicucore.dylib in Frameworks */,
				A07370541A274BED001B3D6B /* libc++.dylib in Frameworks */,
				A07370521A274BD7001B3D6B /* ImageIO.framework in Frameworks */,
				A07370501A274BC8001B3D6B /* GLKit.framework in Frameworks */,
				A073704E1A274BBA001B3D6B /* CoreText.framework in Frameworks */,
				A073704C1A274BAE001B3D6B /* CoreLocation.framework in Frameworks */,
				A073704A1A274BA1001B3D6B /* CoreData.framework in Frameworks */,
				A07370481A274B7F001B3D6B /* AVFoundation.framework in Frameworks */,
				89EFA20C1A261434008AAF2C /* CoreGraphics.framework in Frameworks */,
				89EFA20E1A261434008AAF2C /* UIKit.framework in Frameworks */,
				A03081BE1A275FAD00CC30AE /* GoogleMaps.framework in Frameworks */,
				89EFA20A1A261434008AAF2C /* Foundation.framework in Frameworks */,
				5A2F42898B43C6103BAFEC38 /* libPods.a in Frameworks */,
			);
			runOnlyForDeploymentPostprocessing = 0;
		};
		89EFA2241A261434008AAF2C /* Frameworks */ = {
			isa = PBXFrameworksBuildPhase;
			buildActionMask = 2147483647;
			files = (
				89EFA2291A261434008AAF2C /* XCTest.framework in Frameworks */,
				89EFA22B1A261434008AAF2C /* UIKit.framework in Frameworks */,
				89EFA22A1A261434008AAF2C /* Foundation.framework in Frameworks */,
			);
			runOnlyForDeploymentPostprocessing = 0;
		};
/* End PBXFrameworksBuildPhase section */

/* Begin PBXGroup section */
		866371976790CB359B1DD7A3 /* Pods */ = {
			isa = PBXGroup;
			children = (
				C31642967B924B74C2066B8A /* Pods.debug.xcconfig */,
				C3630B19F2B2A4AA76FD8FC8 /* Pods.release.xcconfig */,
			);
			name = Pods;
			sourceTree = "<group>";
		};
		89ACFE901A27662C0000B7A7 /* model */ = {
			isa = PBXGroup;
			children = (
				89ACFE8D1A2766280000B7A7 /* UserInfo.h */,
				89ACFE8E1A2766280000B7A7 /* UserInfo.m */,
			);
			name = model;
			sourceTree = "<group>";
		};
		89B2A0261A28A1B100861042 /* websocket */ = {
			isa = PBXGroup;
			children = (
				89B2A0271A28A1F100861042 /* WebSocketSingleton.h */,
				89B2A0281A28A1F100861042 /* WebSocketSingleton.m */,
				89B2A02A1A28A21400861042 /* WebSocket.h */,
				89B2A02B1A28A21400861042 /* WebSocket.m */,
			);
			name = websocket;
			sourceTree = "<group>";
		};
		89B2A02D1A28A44000861042 /* controller */ = {
			isa = PBXGroup;
			children = (
			);
			name = controller;
			sourceTree = "<group>";
		};
		89B2A02E1A28A84E00861042 /* BD */ = {
			isa = PBXGroup;
			children = (
				89B2A02F1A28AA9200861042 /* UserInfoDAO.h */,
				89B2A0301A28AA9200861042 /* UserInfoDAO.m */,
			);
			name = BD;
			sourceTree = "<group>";
		};
		89EFA1FD1A261434008AAF2C = {
			isa = PBXGroup;
			children = (
				89EFA20F1A261434008AAF2C /* FindMeApp */,
				89EFA22E1A261434008AAF2C /* FindMeAppTests */,
				89EFA2081A261434008AAF2C /* Frameworks */,
				89EFA2071A261434008AAF2C /* Products */,
				866371976790CB359B1DD7A3 /* Pods */,
			);
			sourceTree = "<group>";
		};
		89EFA2071A261434008AAF2C /* Products */ = {
			isa = PBXGroup;
			children = (
				89EFA2061A261434008AAF2C /* FindMeApp.app */,
				89EFA2271A261434008AAF2C /* FindMeAppTests.xctest */,
			);
			name = Products;
			sourceTree = "<group>";
		};
		89EFA2081A261434008AAF2C /* Frameworks */ = {
			isa = PBXGroup;
			children = (
				A03081BF1A275FBB00CC30AE /* GoogleMaps.bundle */,
				A03081BD1A275FAD00CC30AE /* GoogleMaps.framework */,
				A073705D1A274C3C001B3D6B /* SystemConfiguration.framework */,
				A073705B1A274C2F001B3D6B /* QuartzCore.framework */,
				A07370591A274C21001B3D6B /* OpenGLES.framework */,
				A07370571A274C14001B3D6B /* libz.dylib */,
				A07370551A274C04001B3D6B /* libicucore.dylib */,
				A07370531A274BED001B3D6B /* libc++.dylib */,
				A07370511A274BD7001B3D6B /* ImageIO.framework */,
				A073704F1A274BC8001B3D6B /* GLKit.framework */,
				A073704D1A274BBA001B3D6B /* CoreText.framework */,
				A073704B1A274BAE001B3D6B /* CoreLocation.framework */,
				A07370491A274BA1001B3D6B /* CoreData.framework */,
				A07370471A274B7F001B3D6B /* AVFoundation.framework */,
				89EFA2091A261434008AAF2C /* Foundation.framework */,
				89EFA20B1A261434008AAF2C /* CoreGraphics.framework */,
				89EFA20D1A261434008AAF2C /* UIKit.framework */,
				89EFA2281A261434008AAF2C /* XCTest.framework */,
				AB7AB2C179E346E382D3E093 /* libPods.a */,
			);
			name = Frameworks;
			sourceTree = "<group>";
		};
		89EFA20F1A261434008AAF2C /* FindMeApp */ = {
			isa = PBXGroup;
			children = (
				89B2A02E1A28A84E00861042 /* BD */,
				89B2A02D1A28A44000861042 /* controller */,
				89B2A0261A28A1B100861042 /* websocket */,
				89ACFE901A27662C0000B7A7 /* model */,
				A03081C11A27604700CC30AE /* ViewControllerSocket.h */,
				A03081C21A27604700CC30AE /* ViewControllerSocket.m */,
				89EFA2181A261434008AAF2C /* AppDelegate.h */,
				89EFA2191A261434008AAF2C /* AppDelegate.m */,
				89EFA21B1A261434008AAF2C /* Main.storyboard */,
				89EFA21E1A261434008AAF2C /* ViewController.h */,
				89EFA21F1A261434008AAF2C /* ViewController.m */,
				89B2A0231A28914900861042 /* CoreDataModel.xcdatamodeld */,
				89EFA2211A261434008AAF2C /* Images.xcassets */,
				89EFA2101A261434008AAF2C /* Supporting Files */,
			);
			path = FindMeApp;
			sourceTree = "<group>";
		};
		89EFA2101A261434008AAF2C /* Supporting Files */ = {
			isa = PBXGroup;
			children = (
				89EFA2111A261434008AAF2C /* FindMeApp-Info.plist */,
				89EFA2121A261434008AAF2C /* InfoPlist.strings */,
				89EFA2151A261434008AAF2C /* main.m */,
				89EFA2171A261434008AAF2C /* FindMeApp-Prefix.pch */,
			);
			name = "Supporting Files";
			sourceTree = "<group>";
		};
		89EFA22E1A261434008AAF2C /* FindMeAppTests */ = {
			isa = PBXGroup;
			children = (
				89EFA2341A261434008AAF2C /* FindMeAppTests.m */,
				89EFA22F1A261434008AAF2C /* Supporting Files */,
			);
			path = FindMeAppTests;
			sourceTree = "<group>";
		};
		89EFA22F1A261434008AAF2C /* Supporting Files */ = {
			isa = PBXGroup;
			children = (
				89EFA2301A261434008AAF2C /* FindMeAppTests-Info.plist */,
				89EFA2311A261434008AAF2C /* InfoPlist.strings */,
			);
			name = "Supporting Files";
			sourceTree = "<group>";
		};
/* End PBXGroup section */

/* Begin PBXNativeTarget section */
		89EFA2051A261434008AAF2C /* FindMeApp */ = {
			isa = PBXNativeTarget;
			buildConfigurationList = 89EFA2381A261434008AAF2C /* Build configuration list for PBXNativeTarget "FindMeApp" */;
			buildPhases = (
				263ECBAA3ABCF995150AD136 /* Check Pods Manifest.lock */,
				89EFA2021A261434008AAF2C /* Sources */,
				89EFA2031A261434008AAF2C /* Frameworks */,
				89EFA2041A261434008AAF2C /* Resources */,
				31BD1DC4CDE037BCEC826B15 /* Copy Pods Resources */,
			);
			buildRules = (
			);
			dependencies = (
			);
			name = FindMeApp;
			productName = FindMeApp;
			productReference = 89EFA2061A261434008AAF2C /* FindMeApp.app */;
			productType = "com.apple.product-type.application";
		};
		89EFA2261A261434008AAF2C /* FindMeAppTests */ = {
			isa = PBXNativeTarget;
			buildConfigurationList = 89EFA23B1A261434008AAF2C /* Build configuration list for PBXNativeTarget "FindMeAppTests" */;
			buildPhases = (
				89EFA2231A261434008AAF2C /* Sources */,
				89EFA2241A261434008AAF2C /* Frameworks */,
				89EFA2251A261434008AAF2C /* Resources */,
			);
			buildRules = (
			);
			dependencies = (
				89EFA22D1A261434008AAF2C /* PBXTargetDependency */,
			);
			name = FindMeAppTests;
			productName = FindMeAppTests;
			productReference = 89EFA2271A261434008AAF2C /* FindMeAppTests.xctest */;
			productType = "com.apple.product-type.bundle.unit-test";
		};
/* End PBXNativeTarget section */

/* Begin PBXProject section */
		89EFA1FE1A261434008AAF2C /* Project object */ = {
			isa = PBXProject;
			attributes = {
				LastUpgradeCheck = 0510;
				ORGANIZATIONNAME = BEPiD;
				TargetAttributes = {
					89EFA2261A261434008AAF2C = {
						TestTargetID = 89EFA2051A261434008AAF2C;
					};
				};
			};
			buildConfigurationList = 89EFA2011A261434008AAF2C /* Build configuration list for PBXProject "FindMeApp" */;
			compatibilityVersion = "Xcode 3.2";
			developmentRegion = English;
			hasScannedForEncodings = 0;
			knownRegions = (
				en,
				Base,
			);
			mainGroup = 89EFA1FD1A261434008AAF2C;
			productRefGroup = 89EFA2071A261434008AAF2C /* Products */;
			projectDirPath = "";
			projectRoot = "";
			targets = (
				89EFA2051A261434008AAF2C /* FindMeApp */,
				89EFA2261A261434008AAF2C /* FindMeAppTests */,
			);
		};
/* End PBXProject section */

/* Begin PBXResourcesBuildPhase section */
		89EFA2041A261434008AAF2C /* Resources */ = {
			isa = PBXResourcesBuildPhase;
			buildActionMask = 2147483647;
			files = (
				89EFA2221A261434008AAF2C /* Images.xcassets in Resources */,
				89EFA2141A261434008AAF2C /* InfoPlist.strings in Resources */,
				89EFA21D1A261434008AAF2C /* Main.storyboard in Resources */,
				A03081C01A275FBB00CC30AE /* GoogleMaps.bundle in Resources */,
			);
			runOnlyForDeploymentPostprocessing = 0;
		};
		89EFA2251A261434008AAF2C /* Resources */ = {
			isa = PBXResourcesBuildPhase;
			buildActionMask = 2147483647;
			files = (
				89EFA2331A261434008AAF2C /* InfoPlist.strings in Resources */,
			);
			runOnlyForDeploymentPostprocessing = 0;
		};
/* End PBXResourcesBuildPhase section */

/* Begin PBXShellScriptBuildPhase section */
		263ECBAA3ABCF995150AD136 /* Check Pods Manifest.lock */ = {
			isa = PBXShellScriptBuildPhase;
			buildActionMask = 2147483647;
			files = (
			);
			inputPaths = (
			);
			name = "Check Pods Manifest.lock";
			outputPaths = (
			);
			runOnlyForDeploymentPostprocessing = 0;
			shellPath = /bin/sh;
			shellScript = "diff \"${PODS_ROOT}/../Podfile.lock\" \"${PODS_ROOT}/Manifest.lock\" > /dev/null\nif [[ $? != 0 ]] ; then\n    cat << EOM\nerror: The sandbox is not in sync with the Podfile.lock. Run 'pod install' or update your CocoaPods installation.\nEOM\n    exit 1\nfi\n";
			showEnvVarsInLog = 0;
		};
		31BD1DC4CDE037BCEC826B15 /* Copy Pods Resources */ = {
			isa = PBXShellScriptBuildPhase;
			buildActionMask = 2147483647;
			files = (
			);
			inputPaths = (
			);
			name = "Copy Pods Resources";
			outputPaths = (
			);
			runOnlyForDeploymentPostprocessing = 0;
			shellPath = /bin/sh;
			shellScript = "\"${SRCROOT}/Pods/Target Support Files/Pods/Pods-resources.sh\"\n";
			showEnvVarsInLog = 0;
		};
/* End PBXShellScriptBuildPhase section */

/* Begin PBXSourcesBuildPhase section */
		89EFA2021A261434008AAF2C /* Sources */ = {
			isa = PBXSourcesBuildPhase;
			buildActionMask = 2147483647;
			files = (
				89EFA2201A261434008AAF2C /* ViewController.m in Sources */,
				A03081C31A27604700CC30AE /* ViewControllerSocket.m in Sources */,
				89B2A0251A28914900861042 /* CoreDataModel.xcdatamodeld in Sources */,
				89EFA21A1A261434008AAF2C /* AppDelegate.m in Sources */,
				89ACFE8F1A2766280000B7A7 /* UserInfo.m in Sources */,
				89B2A02C1A28A21400861042 /* WebSocket.m in Sources */,
				89B2A0291A28A1F100861042 /* WebSocketSingleton.m in Sources */,
				89EFA2161A261434008AAF2C /* main.m in Sources */,
				89B2A0311A28AA9200861042 /* UserInfoDAO.m in Sources */,
			);
			runOnlyForDeploymentPostprocessing = 0;
		};
		89EFA2231A261434008AAF2C /* Sources */ = {
			isa = PBXSourcesBuildPhase;
			buildActionMask = 2147483647;
			files = (
				89EFA2351A261434008AAF2C /* FindMeAppTests.m in Sources */,
			);
			runOnlyForDeploymentPostprocessing = 0;
		};
/* End PBXSourcesBuildPhase section */

/* Begin PBXTargetDependency section */
		89EFA22D1A261434008AAF2C /* PBXTargetDependency */ = {
			isa = PBXTargetDependency;
			target = 89EFA2051A261434008AAF2C /* FindMeApp */;
			targetProxy = 89EFA22C1A261434008AAF2C /* PBXContainerItemProxy */;
		};
/* End PBXTargetDependency section */

/* Begin PBXVariantGroup section */
		89EFA2121A261434008AAF2C /* InfoPlist.strings */ = {
			isa = PBXVariantGroup;
			children = (
				89EFA2131A261434008AAF2C /* en */,
			);
			name = InfoPlist.strings;
			sourceTree = "<group>";
		};
		89EFA21B1A261434008AAF2C /* Main.storyboard */ = {
			isa = PBXVariantGroup;
			children = (
				89EFA21C1A261434008AAF2C /* Base */,
			);
			name = Main.storyboard;
			sourceTree = "<group>";
		};
		89EFA2311A261434008AAF2C /* InfoPlist.strings */ = {
			isa = PBXVariantGroup;
			children = (
				89EFA2321A261434008AAF2C /* en */,
			);
			name = InfoPlist.strings;
			sourceTree = "<group>";
		};
/* End PBXVariantGroup section */

/* Begin XCBuildConfiguration section */
		89EFA2361A261434008AAF2C /* Debug */ = {
			isa = XCBuildConfiguration;
			buildSettings = {
				ALWAYS_SEARCH_USER_PATHS = NO;
				CLANG_CXX_LANGUAGE_STANDARD = "gnu++0x";
				CLANG_CXX_LIBRARY = "libc++";
				CLANG_ENABLE_MODULES = YES;
				CLANG_ENABLE_OBJC_ARC = YES;
				CLANG_WARN_BOOL_CONVERSION = YES;
				CLANG_WARN_CONSTANT_CONVERSION = YES;
				CLANG_WARN_DIRECT_OBJC_ISA_USAGE = YES_ERROR;
				CLANG_WARN_EMPTY_BODY = YES;
				CLANG_WARN_ENUM_CONVERSION = YES;
				CLANG_WARN_INT_CONVERSION = YES;
				CLANG_WARN_OBJC_ROOT_CLASS = YES_ERROR;
				CLANG_WARN__DUPLICATE_METHOD_MATCH = YES;
				"CODE_SIGN_IDENTITY[sdk=iphoneos*]" = "iPhone Developer";
				COPY_PHASE_STRIP = NO;
				GCC_C_LANGUAGE_STANDARD = gnu99;
				GCC_DYNAMIC_NO_PIC = NO;
				GCC_OPTIMIZATION_LEVEL = 0;
				GCC_PREPROCESSOR_DEFINITIONS = (
					"DEBUG=1",
					"$(inherited)",
				);
				GCC_SYMBOLS_PRIVATE_EXTERN = NO;
				GCC_WARN_64_TO_32_BIT_CONVERSION = YES;
				GCC_WARN_ABOUT_RETURN_TYPE = YES_ERROR;
				GCC_WARN_UNDECLARED_SELECTOR = YES;
				GCC_WARN_UNINITIALIZED_AUTOS = YES_AGGRESSIVE;
				GCC_WARN_UNUSED_FUNCTION = YES;
				GCC_WARN_UNUSED_VARIABLE = YES;
				IPHONEOS_DEPLOYMENT_TARGET = 7.1;
				ONLY_ACTIVE_ARCH = YES;
				"OTHER_LDFLAGS[arch=*]" = "-ObjC";
				SDKROOT = iphoneos;
			};
			name = Debug;
		};
		89EFA2371A261434008AAF2C /* Release */ = {
			isa = XCBuildConfiguration;
			buildSettings = {
				ALWAYS_SEARCH_USER_PATHS = NO;
				CLANG_CXX_LANGUAGE_STANDARD = "gnu++0x";
				CLANG_CXX_LIBRARY = "libc++";
				CLANG_ENABLE_MODULES = YES;
				CLANG_ENABLE_OBJC_ARC = YES;
				CLANG_WARN_BOOL_CONVERSION = YES;
				CLANG_WARN_CONSTANT_CONVERSION = YES;
				CLANG_WARN_DIRECT_OBJC_ISA_USAGE = YES_ERROR;
				CLANG_WARN_EMPTY_BODY = YES;
				CLANG_WARN_ENUM_CONVERSION = YES;
				CLANG_WARN_INT_CONVERSION = YES;
				CLANG_WARN_OBJC_ROOT_CLASS = YES_ERROR;
				CLANG_WARN__DUPLICATE_METHOD_MATCH = YES;
				"CODE_SIGN_IDENTITY[sdk=iphoneos*]" = "iPhone Developer";
				COPY_PHASE_STRIP = YES;
				ENABLE_NS_ASSERTIONS = NO;
				GCC_C_LANGUAGE_STANDARD = gnu99;
				GCC_WARN_64_TO_32_BIT_CONVERSION = YES;
				GCC_WARN_ABOUT_RETURN_TYPE = YES_ERROR;
				GCC_WARN_UNDECLARED_SELECTOR = YES;
				GCC_WARN_UNINITIALIZED_AUTOS = YES_AGGRESSIVE;
				GCC_WARN_UNUSED_FUNCTION = YES;
				GCC_WARN_UNUSED_VARIABLE = YES;
				IPHONEOS_DEPLOYMENT_TARGET = 7.1;
				SDKROOT = iphoneos;
				VALIDATE_PRODUCT = YES;
			};
			name = Release;
		};
		89EFA2391A261434008AAF2C /* Debug */ = {
			isa = XCBuildConfiguration;
			baseConfigurationReference = C31642967B924B74C2066B8A /* Pods.debug.xcconfig */;
			buildSettings = {
				ASSETCATALOG_COMPILER_APPICON_NAME = AppIcon;
				ASSETCATALOG_COMPILER_LAUNCHIMAGE_NAME = LaunchImage;
				FRAMEWORK_SEARCH_PATHS = (
					"$(inherited)",
					/Users/diegovidal/Documents/Meus,
					"Projetos/GoogleMaps-iOS-1.9.0",
					/Users/diegovidal/Documents/Meus,
					"Projetos/GoogleMaps-iOS-1.9.0",
					/Users/diegovidal/Documents/Meus,
					"Projetos/GoogleMaps-iOS-1.9.0",
					"$(PROJECT_DIR)",
				);
				GCC_PRECOMPILE_PREFIX_HEADER = YES;
				GCC_PREFIX_HEADER = "FindMeApp/FindMeApp-Prefix.pch";
				INFOPLIST_FILE = "FindMeApp/FindMeApp-Info.plist";
				PRODUCT_NAME = "$(TARGET_NAME)";
				WRAPPER_EXTENSION = app;
			};
			name = Debug;
		};
		89EFA23A1A261434008AAF2C /* Release */ = {
			isa = XCBuildConfiguration;
			baseConfigurationReference = C3630B19F2B2A4AA76FD8FC8 /* Pods.release.xcconfig */;
			buildSettings = {
				ASSETCATALOG_COMPILER_APPICON_NAME = AppIcon;
				ASSETCATALOG_COMPILER_LAUNCHIMAGE_NAME = LaunchImage;
				FRAMEWORK_SEARCH_PATHS = (
					"$(inherited)",
					/Users/diegovidal/Documents/Meus,
					"Projetos/GoogleMaps-iOS-1.9.0",
					/Users/diegovidal/Documents/Meus,
					"Projetos/GoogleMaps-iOS-1.9.0",
					/Users/diegovidal/Documents/Meus,
					"Projetos/GoogleMaps-iOS-1.9.0",
					"$(PROJECT_DIR)",
				);
				GCC_PRECOMPILE_PREFIX_HEADER = YES;
				GCC_PREFIX_HEADER = "FindMeApp/FindMeApp-Prefix.pch";
				INFOPLIST_FILE = "FindMeApp/FindMeApp-Info.plist";
				PRODUCT_NAME = "$(TARGET_NAME)";
				WRAPPER_EXTENSION = app;
			};
			name = Release;
		};
		89EFA23C1A261434008AAF2C /* Debug */ = {
			isa = XCBuildConfiguration;
			buildSettings = {
				BUNDLE_LOADER = "$(BUILT_PRODUCTS_DIR)/FindMeApp.app/FindMeApp";
				FRAMEWORK_SEARCH_PATHS = (
					"$(SDKROOT)/Developer/Library/Frameworks",
					"$(inherited)",
					"$(DEVELOPER_FRAMEWORKS_DIR)",
				);
				GCC_PRECOMPILE_PREFIX_HEADER = YES;
				GCC_PREFIX_HEADER = "FindMeApp/FindMeApp-Prefix.pch";
				GCC_PREPROCESSOR_DEFINITIONS = (
					"DEBUG=1",
					"$(inherited)",
				);
				INFOPLIST_FILE = "FindMeAppTests/FindMeAppTests-Info.plist";
				PRODUCT_NAME = "$(TARGET_NAME)";
				TEST_HOST = "$(BUNDLE_LOADER)";
				WRAPPER_EXTENSION = xctest;
			};
			name = Debug;
		};
		89EFA23D1A261434008AAF2C /* Release */ = {
			isa = XCBuildConfiguration;
			buildSettings = {
				BUNDLE_LOADER = "$(BUILT_PRODUCTS_DIR)/FindMeApp.app/FindMeApp";
				FRAMEWORK_SEARCH_PATHS = (
					"$(SDKROOT)/Developer/Library/Frameworks",
					"$(inherited)",
					"$(DEVELOPER_FRAMEWORKS_DIR)",
				);
				GCC_PRECOMPILE_PREFIX_HEADER = YES;
				GCC_PREFIX_HEADER = "FindMeApp/FindMeApp-Prefix.pch";
				INFOPLIST_FILE = "FindMeAppTests/FindMeAppTests-Info.plist";
				PRODUCT_NAME = "$(TARGET_NAME)";
				TEST_HOST = "$(BUNDLE_LOADER)";
				WRAPPER_EXTENSION = xctest;
			};
			name = Release;
		};
/* End XCBuildConfiguration section */

/* Begin XCConfigurationList section */
		89EFA2011A261434008AAF2C /* Build configuration list for PBXProject "FindMeApp" */ = {
			isa = XCConfigurationList;
			buildConfigurations = (
				89EFA2361A261434008AAF2C /* Debug */,
				89EFA2371A261434008AAF2C /* Release */,
			);
			defaultConfigurationIsVisible = 0;
			defaultConfigurationName = Release;
		};
		89EFA2381A261434008AAF2C /* Build configuration list for PBXNativeTarget "FindMeApp" */ = {
			isa = XCConfigurationList;
			buildConfigurations = (
				89EFA2391A261434008AAF2C /* Debug */,
				89EFA23A1A261434008AAF2C /* Release */,
			);
			defaultConfigurationIsVisible = 0;
			defaultConfigurationName = Release;
		};
		89EFA23B1A261434008AAF2C /* Build configuration list for PBXNativeTarget "FindMeAppTests" */ = {
			isa = XCConfigurationList;
			buildConfigurations = (
				89EFA23C1A261434008AAF2C /* Debug */,
				89EFA23D1A261434008AAF2C /* Release */,
			);
			defaultConfigurationIsVisible = 0;
			defaultConfigurationName = Release;
		};
/* End XCConfigurationList section */

/* Begin XCVersionGroup section */
		89B2A0231A28914900861042 /* CoreDataModel.xcdatamodeld */ = {
			isa = XCVersionGroup;
			children = (
				89B2A0241A28914900861042 /* CoreDataModel.xcdatamodel */,
			);
			currentVersion = 89B2A0241A28914900861042 /* CoreDataModel.xcdatamodel */;
			path = CoreDataModel.xcdatamodeld;
			sourceTree = "<group>";
			versionGroupType = wrapper.xcdatamodel;
		};
/* End XCVersionGroup section */
	};
	rootObject = 89EFA1FE1A261434008AAF2C /* Project object */;
}
